// !$*UTF8*$!
{
	archiveVersion = 1;
	classes = {
	};
	objectVersion = 46;
	objects = {

/* Begin PBXBuildFile section */
		EE7E0DD31A769BFB00D11831 /* remote_logging.h in CopyFiles */ = {isa = PBXBuildFile; fileRef = EE7E0DD21A769BFB00D11831 /* remote_logging.h */; };
		EE7E0DD51A769BFB00D11831 /* remote_logging.m in Sources */ = {isa = PBXBuildFile; fileRef = EE7E0DD41A769BFB00D11831 /* remote_logging.m */; };
		EE7E0DDB1A769BFB00D11831 /* libremote-logging.a in Frameworks */ = {isa = PBXBuildFile; fileRef = EE7E0DCF1A769BFB00D11831 /* libremote-logging.a */; };
/* End PBXBuildFile section */

/* Begin PBXContainerItemProxy section */
		EE7E0DDC1A769BFB00D11831 /* PBXContainerItemProxy */ = {
			isa = PBXContainerItemProxy;
			containerPortal = EE7E0DC71A769BFB00D11831 /* Project object */;
			proxyType = 1;
			remoteGlobalIDString = EE7E0DCE1A769BFB00D11831;
			remoteInfo = "remote-logging";
		};
/* End PBXContainerItemProxy section */

/* Begin PBXCopyFilesBuildPhase section */
		EE7E0DCD1A769BFB00D11831 /* CopyFiles */ = {
			isa = PBXCopyFilesBuildPhase;
			buildActionMask = 2147483647;
			dstPath = "include/$(PRODUCT_NAME)";
			dstSubfolderSpec = 16;
			files = (
				EE7E0DD31A769BFB00D11831 /* remote_logging.h in CopyFiles */,
			);
			runOnlyForDeploymentPostprocessing = 0;
		};
/* End PBXCopyFilesBuildPhase section */

/* Begin PBXFileReference section */
		EE7E0DCF1A769BFB00D11831 /* libremote-logging.a */ = {isa = PBXFileReference; explicitFileType = archive.ar; includeInIndex = 0; path = "libremote-logging.a"; sourceTree = BUILT_PRODUCTS_DIR; };
		EE7E0DD21A769BFB00D11831 /* remote_logging.h */ = {isa = PBXFileReference; lastKnownFileType = sourcecode.c.h; path = remote_logging.h; sourceTree = "<group>"; };
		EE7E0DD41A769BFB00D11831 /* remote_logging.m */ = {isa = PBXFileReference; lastKnownFileType = sourcecode.c.objc; path = remote_logging.m; sourceTree = "<group>"; };
		EE7E0DDA1A769BFB00D11831 /* remote-loggingTests.xctest */ = {isa = PBXFileReference; explicitFileType = wrapper.cfbundle; includeInIndex = 0; path = "remote-loggingTests.xctest"; sourceTree = BUILT_PRODUCTS_DIR; };
		EE7E0DE01A769BFB00D11831 /* Info.plist */ = {isa = PBXFileReference; lastKnownFileType = text.plist.xml; path = Info.plist; sourceTree = "<group>"; };
/* End PBXFileReference section */

/* Begin PBXFrameworksBuildPhase section */
		EE7E0DCC1A769BFB00D11831 /* Frameworks */ = {
			isa = PBXFrameworksBuildPhase;
			buildActionMask = 2147483647;
			files = (
			);
			runOnlyForDeploymentPostprocessing = 0;
		};
		EE7E0DD71A769BFB00D11831 /* Frameworks */ = {
			isa = PBXFrameworksBuildPhase;
			buildActionMask = 2147483647;
			files = (
				EE7E0DDB1A769BFB00D11831 /* libremote-logging.a in Frameworks */,
			);
			runOnlyForDeploymentPostprocessing = 0;
		};
/* End PBXFrameworksBuildPhase section */

/* Begin PBXGroup section */
		EE7E0DC61A769BFB00D11831 = {
			isa = PBXGroup;
			children = (
				EE7E0DD11A769BFB00D11831 /* remote-logging */,
				EE7E0DDE1A769BFB00D11831 /* remote-loggingTests */,
				EE7E0DD01A769BFB00D11831 /* Products */,
			);
			sourceTree = "<group>";
		};
		EE7E0DD01A769BFB00D11831 /* Products */ = {
			isa = PBXGroup;
			children = (
				EE7E0DCF1A769BFB00D11831 /* libremote-logging.a */,
				EE7E0DDA1A769BFB00D11831 /* remote-loggingTests.xctest */,
			);
			name = Products;
			sourceTree = "<group>";
		};
		EE7E0DD11A769BFB00D11831 /* remote-logging */ = {
			isa = PBXGroup;
			children = (
				EE7E0DD21A769BFB00D11831 /* remote_logging.h */,
				EE7E0DD41A769BFB00D11831 /* remote_logging.m */,
			);
			path = "remote-logging";
			sourceTree = "<group>";
		};
		EE7E0DDE1A769BFB00D11831 /* remote-loggingTests */ = {
			isa = PBXGroup;
			children = (
				EE7E0DDF1A769BFB00D11831 /* Supporting Files */,
			);
			path = "remote-loggingTests";
			sourceTree = "<group>";
		};
		EE7E0DDF1A769BFB00D11831 /* Supporting Files */ = {
			isa = PBXGroup;
			children = (
				EE7E0DE01A769BFB00D11831 /* Info.plist */,
			);
			name = "Supporting Files";
			sourceTree = "<group>";
		};
/* End PBXGroup section */

/* Begin PBXNativeTarget section */
		EE7E0DCE1A769BFB00D11831 /* remote-logging */ = {
			isa = PBXNativeTarget;
			buildConfigurationList = EE7E0DE31A769BFB00D11831 /* Build configuration list for PBXNativeTarget "remote-logging" */;
			buildPhases = (
				EE7E0DCB1A769BFB00D11831 /* Sources */,
				EE7E0DCC1A769BFB00D11831 /* Frameworks */,
				EE7E0DCD1A769BFB00D11831 /* CopyFiles */,
			);
			buildRules = (
			);
			dependencies = (
			);
			name = "remote-logging";
			productName = "remote-logging";
			productReference = EE7E0DCF1A769BFB00D11831 /* libremote-logging.a */;
			productType = "com.apple.product-type.library.static";
		};
		EE7E0DD91A769BFB00D11831 /* remote-loggingTests */ = {
			isa = PBXNativeTarget;
			buildConfigurationList = EE7E0DE61A769BFB00D11831 /* Build configuration list for PBXNativeTarget "remote-loggingTests" */;
			buildPhases = (
				EE7E0DD61A769BFB00D11831 /* Sources */,
				EE7E0DD71A769BFB00D11831 /* Frameworks */,
				EE7E0DD81A769BFB00D11831 /* Resources */,
			);
			buildRules = (
			);
			dependencies = (
				EE7E0DDD1A769BFB00D11831 /* PBXTargetDependency */,
			);
			name = "remote-loggingTests";
			productName = "remote-loggingTests";
			productReference = EE7E0DDA1A769BFB00D11831 /* remote-loggingTests.xctest */;
			productType = "com.apple.product-type.bundle.unit-test";
		};
/* End PBXNativeTarget section */

/* Begin PBXProject section */
		EE7E0DC71A769BFB00D11831 /* Project object */ = {
			isa = PBXProject;
			attributes = {
				LastUpgradeCheck = 0610;
				ORGANIZATIONNAME = "Jakub Knejzlik";
				TargetAttributes = {
					EE7E0DCE1A769BFB00D11831 = {
						CreatedOnToolsVersion = 6.1.1;
					};
					EE7E0DD91A769BFB00D11831 = {
						CreatedOnToolsVersion = 6.1.1;
					};
				};
			};
			buildConfigurationList = EE7E0DCA1A769BFB00D11831 /* Build configuration list for PBXProject "remote-logging" */;
			compatibilityVersion = "Xcode 3.2";
			developmentRegion = English;
			hasScannedForEncodings = 0;
			knownRegions = (
				en,
			);
			mainGroup = EE7E0DC61A769BFB00D11831;
			productRefGroup = EE7E0DD01A769BFB00D11831 /* Products */;
			projectDirPath = "";
			projectRoot = "";
			targets = (
				EE7E0DCE1A769BFB00D11831 /* remote-logging */,
				EE7E0DD91A769BFB00D11831 /* remote-loggingTests */,
			);
		};
/* End PBXProject section */

/* Begin PBXResourcesBuildPhase section */
		EE7E0DD81A769BFB00D11831 /* Resources */ = {
			isa = PBXResourcesBuildPhase;
			buildActionMask = 2147483647;
			files = (
			);
			runOnlyForDeploymentPostprocessing = 0;
		};
/* End PBXResourcesBuildPhase section */

/* Begin PBXSourcesBuildPhase section */
		EE7E0DCB1A769BFB00D11831 /* Sources */ = {
			isa = PBXSourcesBuildPhase;
			buildActionMask = 2147483647;
			files = (
				EE7E0DD51A769BFB00D11831 /* remote_logging.m in Sources */,
			);
			runOnlyForDeploymentPostprocessing = 0;
		};
		EE7E0DD61A769BFB00D11831 /* Sources */ = {
			isa = PBXSourcesBuildPhase;
			buildActionMask = 2147483647;
			files = (
			);
			runOnlyForDeploymentPostprocessing = 0;
		};
/* End PBXSourcesBuildPhase section */

/* Begin PBXTargetDependency section */
		EE7E0DDD1A769BFB00D11831 /* PBXTargetDependency */ = {
			isa = PBXTargetDependency;
			target = EE7E0DCE1A769BFB00D11831 /* remote-logging */;
			targetProxy = EE7E0DDC1A769BFB00D11831 /* PBXContainerItemProxy */;
		};
/* End PBXTargetDependency section */

/* Begin XCBuildConfiguration section */
		EE7E0DE11A769BFB00D11831 /* Debug */ = {
			isa = XCBuildConfiguration;
			buildSettings = {
				ALWAYS_SEARCH_USER_PATHS = NO;
				CLANG_CXX_LANGUAGE_STANDARD = "gnu++0x";
				CLANG_CXX_LIBRARY = "libc++";
				CLANG_ENABLE_MODULES = YES;
				CLANG_ENABLE_OBJC_ARC = YES;
				CLANG_WARN_BOOL_CONVERSION = YES;
				CLANG_WARN_CONSTANT_CONVERSION = YES;
				CLANG_WARN_DIRECT_OBJC_ISA_USAGE = YES_ERROR;
				CLANG_WARN_EMPTY_BODY = YES;
				CLANG_WARN_ENUM_CONVERSION = YES;
				CLANG_WARN_INT_CONVERSION = YES;
				CLANG_WARN_OBJC_ROOT_CLASS = YES_ERROR;
				CLANG_WARN_UNREACHABLE_CODE = YES;
				CLANG_WARN__DUPLICATE_METHOD_MATCH = YES;
				COPY_PHASE_STRIP = NO;
				ENABLE_STRICT_OBJC_MSGSEND = YES;
				GCC_C_LANGUAGE_STANDARD = gnu99;
				GCC_DYNAMIC_NO_PIC = NO;
				GCC_OPTIMIZATION_LEVEL = 0;
				GCC_PREPROCESSOR_DEFINITIONS = (
					"DEBUG=1",
					"$(inherited)",
				);
				GCC_SYMBOLS_PRIVATE_EXTERN = NO;
				GCC_WARN_64_TO_32_BIT_CONVERSION = YES;
				GCC_WARN_ABOUT_RETURN_TYPE = YES_ERROR;
				GCC_WARN_UNDECLARED_SELECTOR = YES;
				GCC_WARN_UNINITIALIZED_AUTOS = YES_AGGRESSIVE;
				GCC_WARN_UNUSED_FUNCTION = YES;
				GCC_WARN_UNUSED_VARIABLE = YES;
				IPHONEOS_DEPLOYMENT_TARGET = 8.1;
				MTL_ENABLE_DEBUG_INFO = YES;
				ONLY_ACTIVE_ARCH = YES;
				SDKROOT = iphoneos;
			};
			name = Debug;
		};
		EE7E0DE21A769BFB00D11831 /* Release */ = {
			isa = XCBuildConfiguration;
			buildSettings = {
				ALWAYS_SEARCH_USER_PATHS = NO;
				CLANG_CXX_LANGUAGE_STANDARD = "gnu++0x";
				CLANG_CXX_LIBRARY = "libc++";
				CLANG_ENABLE_MODULES = YES;
				CLANG_ENABLE_OBJC_ARC = YES;
				CLANG_WARN_BOOL_CONVERSION = YES;
				CLANG_WARN_CONSTANT_CONVERSION = YES;
				CLANG_WARN_DIRECT_OBJC_ISA_USAGE = YES_ERROR;
				CLANG_WARN_EMPTY_BODY = YES;
				CLANG_WARN_ENUM_CONVERSION = YES;
				CLANG_WARN_INT_CONVERSION = YES;
				CLANG_WARN_OBJC_ROOT_CLASS = YES_ERROR;
				CLANG_WARN_UNREACHABLE_CODE = YES;
				CLANG_WARN__DUPLICATE_METHOD_MATCH = YES;
				COPY_PHASE_STRIP = YES;
				ENABLE_NS_ASSERTIONS = NO;
				ENABLE_STRICT_OBJC_MSGSEND = YES;
				GCC_C_LANGUAGE_STANDARD = gnu99;
				GCC_WARN_64_TO_32_BIT_CONVERSION = YES;
				GCC_WARN_ABOUT_RETURN_TYPE = YES_ERROR;
				GCC_WARN_UNDECLARED_SELECTOR = YES;
				GCC_WARN_UNINITIALIZED_AUTOS = YES_AGGRESSIVE;
				GCC_WARN_UNUSED_FUNCTION = YES;
				GCC_WARN_UNUSED_VARIABLE = YES;
				IPHONEOS_DEPLOYMENT_TARGET = 8.1;
				MTL_ENABLE_DEBUG_INFO = NO;
				SDKROOT = iphoneos;
				VALIDATE_PRODUCT = YES;
			};
			name = Release;
		};
		EE7E0DE41A769BFB00D11831 /* Debug */ = {
			isa = XCBuildConfiguration;
			buildSettings = {
				OTHER_LDFLAGS = "-ObjC";
				PRODUCT_NAME = "$(TARGET_NAME)";
				SKIP_INSTALL = YES;
			};
			name = Debug;
		};
		EE7E0DE51A769BFB00D11831 /* Release */ = {
			isa = XCBuildConfiguration;
			buildSettings = {
				OTHER_LDFLAGS = "-ObjC";
				PRODUCT_NAME = "$(TARGET_NAME)";
				SKIP_INSTALL = YES;
			};
			name = Release;
		};
		EE7E0DE71A769BFB00D11831 /* Debug */ = {
			isa = XCBuildConfiguration;
			buildSettings = {
				FRAMEWORK_SEARCH_PATHS = (
					"$(SDKROOT)/Developer/Library/Frameworks",
					"$(inherited)",
				);
				GCC_PREPROCESSOR_DEFINITIONS = (
					"DEBUG=1",
					"$(inherited)",
				);
				INFOPLIST_FILE = "remote-loggingTests/Info.plist";
				LD_RUNPATH_SEARCH_PATHS = "$(inherited) @executable_path/Frameworks @loader_path/Frameworks";
				PRODUCT_NAME = "$(TARGET_NAME)";
			};
			name = Debug;
		};
		EE7E0DE81A769BFB00D11831 /* Release */ = {
			isa = XCBuildConfiguration;
			buildSettings = {
				FRAMEWORK_SEARCH_PATHS = (
					"$(SDKROOT)/Developer/Library/Frameworks",
					"$(inherited)",
				);
				INFOPLIST_FILE = "remote-loggingTests/Info.plist";
				LD_RUNPATH_SEARCH_PATHS = "$(inherited) @executable_path/Frameworks @loader_path/Frameworks";
				PRODUCT_NAME = "$(TARGET_NAME)";
			};
			name = Release;
		};
/* End XCBuildConfiguration section */

/* Begin XCConfigurationList section */
		EE7E0DCA1A769BFB00D11831 /* Build configuration list for PBXProject "remote-logging" */ = {
			isa = XCConfigurationList;
			buildConfigurations = (
				EE7E0DE11A769BFB00D11831 /* Debug */,
				EE7E0DE21A769BFB00D11831 /* Release */,
			);
			defaultConfigurationIsVisible = 0;
			defaultConfigurationName = Release;
		};
		EE7E0DE31A769BFB00D11831 /* Build configuration list for PBXNativeTarget "remote-logging" */ = {
			isa = XCConfigurationList;
			buildConfigurations = (
				EE7E0DE41A769BFB00D11831 /* Debug */,
				EE7E0DE51A769BFB00D11831 /* Release */,
			);
			defaultConfigurationIsVisible = 0;
		};
		EE7E0DE61A769BFB00D11831 /* Build configuration list for PBXNativeTarget "remote-loggingTests" */ = {
			isa = XCConfigurationList;
			buildConfigurations = (
				EE7E0DE71A769BFB00D11831 /* Debug */,
				EE7E0DE81A769BFB00D11831 /* Release */,
			);
			defaultConfigurationIsVisible = 0;
		};
/* End XCConfigurationList section */
	};
	rootObject = EE7E0DC71A769BFB00D11831 /* Project object */;
}
